
Microsoft Visual Studio Solution File, Format Version 12.00
# Visual Studio Version 16
VisualStudioVersion = 16.0.31911.196
MinimumVisualStudioVersion = 10.0.40219.1
Project("{FAE04EC0-301F-11D3-BF4B-00C04F79EFBC}") = "GeekBurger.Products", "GeekBurger.Products\GeekBurger.Products.csproj", "{AE815FBC-1718-4F61-9434-E21F80F4FD3B}"
EndProject
Project("{FAE04EC0-301F-11D3-BF4B-00C04F79EFBC}") = "GeekBurger.Products.Contract", "GeekBurger.Products.Contract\GeekBurger.Products.Contract.csproj", "{B395ACA1-63CA-448E-9A75-351726501A92}"
EndProject
Global
	GlobalSection(SolutionConfigurationPlatforms) = preSolution
		Debug|Any CPU = Debug|Any CPU
		Release|Any CPU = Release|Any CPU
	EndGlobalSection
	GlobalSection(ProjectConfigurationPlatforms) = postSolution
		{AE815FBC-1718-4F61-9434-E21F80F4FD3B}.Debug|Any CPU.ActiveCfg = Debug|Any CPU
		{AE815FBC-1718-4F61-9434-E21F80F4FD3B}.Debug|Any CPU.Build.0 = Debug|Any CPU
		{AE815FBC-1718-4F61-9434-E21F80F4FD3B}.Release|Any CPU.ActiveCfg = Release|Any CPU
		{AE815FBC-1718-4F61-9434-E21F80F4FD3B}.Release|Any CPU.Build.0 = Release|Any CPU
		{B395ACA1-63CA-448E-9A75-351726501A92}.Debug|Any CPU.ActiveCfg = Debug|Any CPU
		{B395ACA1-63CA-448E-9A75-351726501A92}.Debug|Any CPU.Build.0 = Debug|Any CPU
		{B395ACA1-63CA-448E-9A75-351726501A92}.Release|Any CPU.ActiveCfg = Release|Any CPU
		{B395ACA1-63CA-448E-9A75-351726501A92}.Release|Any CPU.Build.0 = Release|Any CPU
	EndGlobalSection
	GlobalSection(SolutionProperties) = preSolution
		HideSolutionNode = FALSE
	EndGlobalSection
	GlobalSection(ExtensibilityGlobals) = postSolution
		SolutionGuid = {6AC56A43-899A-4898-8756-DED108C0DAB4}
	EndGlobalSection
EndGlobal
